{
	"name": "angular-bone",
	"version": "1.0.0",
	"lockfileVersion": 1,
	"requires": true,
	"dependencies": {
		"@angular/core": {
			"version": "6.1.1",
			"resolved": "https://art01.apttuscloud.io/api/npm/npm/@angular/core/-/core-6.1.1.tgz",
			"integrity": "sha1-39xt1LsByxLQofqsTLOsfKo7Nbo=",
			"requires": {
				"tslib": "1.9.3"
			}
		},
		"tslib": {
			"version": "1.9.3",
			"resolved": "https://art01.apttuscloud.io/api/npm/npm/tslib/-/tslib-1.9.3.tgz",
			"integrity": "sha1-1+TdeSRdhUKMTX5IIqeZF5VMooY="
		},
		"typescript": {
			"version": "3.0.1",
			"resolved": "https://art01.apttuscloud.io/api/npm/npm/typescript/-/typescript-3.0.1.tgz",
			"integrity": "sha1-Q3OPKVhdOodXVSCkuTq2Am7xH9s=",
			"dev": true
		}
	}
}
